// !$*UTF8*$!
{
	archiveVersion = 1;
	classes = {
	};
	objectVersion = 56;
	objects = {

/* Begin PBXBuildFile section */
		F304B1D729BF54F700451248 /* firstfightstartViewController.swift in Sources */ = {isa = PBXBuildFile; fileRef = F304B1D629BF54F700451248 /* firstfightstartViewController.swift */; };
		F30C488329B335C500062B78 /* Game.swift in Sources */ = {isa = PBXBuildFile; fileRef = F30C488229B335C500062B78 /* Game.swift */; };
		F30C488829B336C500062B78 /* characters.swift in Sources */ = {isa = PBXBuildFile; fileRef = F30C488729B336C500062B78 /* characters.swift */; };
		F30C488E29B34ACB00062B78 /* DialogueViewController.swift in Sources */ = {isa = PBXBuildFile; fileRef = F30C488D29B34ACB00062B78 /* DialogueViewController.swift */; };
		F30C489029B3594D00062B78 /* dialogues.swift in Sources */ = {isa = PBXBuildFile; fileRef = F30C488F29B3594D00062B78 /* dialogues.swift */; };
		F30C489229B3BBFC00062B78 /* characterChooseViewController.swift in Sources */ = {isa = PBXBuildFile; fileRef = F30C489129B3BBFC00062B78 /* characterChooseViewController.swift */; };
		F388B92E29AFC7B5002554E9 /* AppDelegate.swift in Sources */ = {isa = PBXBuildFile; fileRef = F388B92D29AFC7B5002554E9 /* AppDelegate.swift */; };
		F388B93029AFC7B5002554E9 /* SceneDelegate.swift in Sources */ = {isa = PBXBuildFile; fileRef = F388B92F29AFC7B5002554E9 /* SceneDelegate.swift */; };
		F388B93229AFC7B5002554E9 /* MainViewController.swift in Sources */ = {isa = PBXBuildFile; fileRef = F388B93129AFC7B5002554E9 /* MainViewController.swift */; };
		F388B93529AFC7B5002554E9 /* Main.storyboard in Resources */ = {isa = PBXBuildFile; fileRef = F388B93329AFC7B5002554E9 /* Main.storyboard */; };
		F388B93729AFC7B6002554E9 /* Assets.xcassets in Resources */ = {isa = PBXBuildFile; fileRef = F388B93629AFC7B6002554E9 /* Assets.xcassets */; };
		F388B93A29AFC7B6002554E9 /* LaunchScreen.storyboard in Resources */ = {isa = PBXBuildFile; fileRef = F388B93829AFC7B6002554E9 /* LaunchScreen.storyboard */; };
		F392B7C429E0902C008B7172 /* controls.swift in Sources */ = {isa = PBXBuildFile; fileRef = F392B7C329E0902C008B7172 /* controls.swift */; };
		F3DDA8E729D591B200EB063F /* MatchViewController.swift in Sources */ = {isa = PBXBuildFile; fileRef = F3DDA8E629D591B200EB063F /* MatchViewController.swift */; };
/* End PBXBuildFile section */

/* Begin PBXFileReference section */
		F304B1D629BF54F700451248 /* firstfightstartViewController.swift */ = {isa = PBXFileReference; lastKnownFileType = sourcecode.swift; path = firstfightstartViewController.swift; sourceTree = "<group>"; };
		F30C488229B335C500062B78 /* Game.swift */ = {isa = PBXFileReference; lastKnownFileType = sourcecode.swift; path = Game.swift; sourceTree = "<group>"; };
		F30C488729B336C500062B78 /* characters.swift */ = {isa = PBXFileReference; lastKnownFileType = sourcecode.swift; path = characters.swift; sourceTree = "<group>"; };
		F30C488D29B34ACB00062B78 /* DialogueViewController.swift */ = {isa = PBXFileReference; lastKnownFileType = sourcecode.swift; path = DialogueViewController.swift; sourceTree = "<group>"; };
		F30C488F29B3594D00062B78 /* dialogues.swift */ = {isa = PBXFileReference; lastKnownFileType = sourcecode.swift; path = dialogues.swift; sourceTree = "<group>"; };
		F30C489129B3BBFC00062B78 /* characterChooseViewController.swift */ = {isa = PBXFileReference; lastKnownFileType = sourcecode.swift; path = characterChooseViewController.swift; sourceTree = "<group>"; };
		F388B92A29AFC7B5002554E9 /* sarthak_project.app */ = {isa = PBXFileReference; explicitFileType = wrapper.application; includeInIndex = 0; path = sarthak_project.app; sourceTree = BUILT_PRODUCTS_DIR; };
		F388B92D29AFC7B5002554E9 /* AppDelegate.swift */ = {isa = PBXFileReference; lastKnownFileType = sourcecode.swift; path = AppDelegate.swift; sourceTree = "<group>"; };
		F388B92F29AFC7B5002554E9 /* SceneDelegate.swift */ = {isa = PBXFileReference; lastKnownFileType = sourcecode.swift; path = SceneDelegate.swift; sourceTree = "<group>"; };
		F388B93129AFC7B5002554E9 /* MainViewController.swift */ = {isa = PBXFileReference; lastKnownFileType = sourcecode.swift; path = MainViewController.swift; sourceTree = "<group>"; };
		F388B93429AFC7B5002554E9 /* Base */ = {isa = PBXFileReference; lastKnownFileType = file.storyboard; name = Base; path = Base.lproj/Main.storyboard; sourceTree = "<group>"; };
		F388B93629AFC7B6002554E9 /* Assets.xcassets */ = {isa = PBXFileReference; lastKnownFileType = folder.assetcatalog; path = Assets.xcassets; sourceTree = "<group>"; };
		F388B93929AFC7B6002554E9 /* Base */ = {isa = PBXFileReference; lastKnownFileType = file.storyboard; name = Base; path = Base.lproj/LaunchScreen.storyboard; sourceTree = "<group>"; };
		F388B93B29AFC7B6002554E9 /* Info.plist */ = {isa = PBXFileReference; lastKnownFileType = text.plist.xml; path = Info.plist; sourceTree = "<group>"; };
		F392B7C329E0902C008B7172 /* controls.swift */ = {isa = PBXFileReference; lastKnownFileType = sourcecode.swift; path = controls.swift; sourceTree = "<group>"; };
		F3DDA8E629D591B200EB063F /* MatchViewController.swift */ = {isa = PBXFileReference; lastKnownFileType = sourcecode.swift; path = MatchViewController.swift; sourceTree = "<group>"; };
/* End PBXFileReference section */

/* Begin PBXFrameworksBuildPhase section */
		F388B92729AFC7B5002554E9 /* Frameworks */ = {
			isa = PBXFrameworksBuildPhase;
			buildActionMask = 2147483647;
			files = (
			);
			runOnlyForDeploymentPostprocessing = 0;
		};
/* End PBXFrameworksBuildPhase section */

/* Begin PBXGroup section */
		F30C487F29B3355000062B78 /* view */ = {
			isa = PBXGroup;
			children = (
				F388B93329AFC7B5002554E9 /* Main.storyboard */,
			);
			path = view;
			sourceTree = "<group>";
		};
		F30C488029B3356400062B78 /* controler */ = {
			isa = PBXGroup;
			children = (
				F388B93129AFC7B5002554E9 /* MainViewController.swift */,
				F30C488D29B34ACB00062B78 /* DialogueViewController.swift */,
				F30C489129B3BBFC00062B78 /* characterChooseViewController.swift */,
				F304B1D629BF54F700451248 /* firstfightstartViewController.swift */,
				F3DDA8E629D591B200EB063F /* MatchViewController.swift */,
			);
			path = controler;
			sourceTree = "<group>";
		};
		F30C488429B335D100062B78 /* model */ = {
			isa = PBXGroup;
			children = (
				F30C488F29B3594D00062B78 /* dialogues.swift */,
				F30C488229B335C500062B78 /* Game.swift */,
				F30C488729B336C500062B78 /* characters.swift */,
				F392B7C329E0902C008B7172 /* controls.swift */,
			);
			path = model;
			sourceTree = "<group>";
		};
		F388B92129AFC7B5002554E9 = {
			isa = PBXGroup;
			children = (
				F388B92C29AFC7B5002554E9 /* sarthak_project */,
				F388B92B29AFC7B5002554E9 /* Products */,
			);
			sourceTree = "<group>";
		};
		F388B92B29AFC7B5002554E9 /* Products */ = {
			isa = PBXGroup;
			children = (
				F388B92A29AFC7B5002554E9 /* sarthak_project.app */,
			);
			name = Products;
			sourceTree = "<group>";
		};
		F388B92C29AFC7B5002554E9 /* sarthak_project */ = {
			isa = PBXGroup;
			children = (
				F388B92D29AFC7B5002554E9 /* AppDelegate.swift */,
				F388B92F29AFC7B5002554E9 /* SceneDelegate.swift */,
				F30C488429B335D100062B78 /* model */,
				F30C487F29B3355000062B78 /* view */,
				F30C488029B3356400062B78 /* controler */,
				F388B93629AFC7B6002554E9 /* Assets.xcassets */,
				F388B93829AFC7B6002554E9 /* LaunchScreen.storyboard */,
				F388B93B29AFC7B6002554E9 /* Info.plist */,
			);
			path = sarthak_project;
			sourceTree = "<group>";
		};
/* End PBXGroup section */

/* Begin PBXNativeTarget section */
		F388B92929AFC7B5002554E9 /* sarthak_project */ = {
			isa = PBXNativeTarget;
			buildConfigurationList = F388B93E29AFC7B6002554E9 /* Build configuration list for PBXNativeTarget "sarthak_project" */;
			buildPhases = (
				F388B92629AFC7B5002554E9 /* Sources */,
				F388B92729AFC7B5002554E9 /* Frameworks */,
				F388B92829AFC7B5002554E9 /* Resources */,
			);
			buildRules = (
			);
			dependencies = (
			);
			name = sarthak_project;
			productName = sarthak_project;
			productReference = F388B92A29AFC7B5002554E9 /* sarthak_project.app */;
			productType = "com.apple.product-type.application";
		};
/* End PBXNativeTarget section */

/* Begin PBXProject section */
		F388B92229AFC7B5002554E9 /* Project object */ = {
			isa = PBXProject;
			attributes = {
				BuildIndependentTargetsInParallel = 1;
				LastSwiftUpdateCheck = 1410;
				LastUpgradeCheck = 1410;
				TargetAttributes = {
					F388B92929AFC7B5002554E9 = {
						CreatedOnToolsVersion = 14.1;
					};
				};
			};
			buildConfigurationList = F388B92529AFC7B5002554E9 /* Build configuration list for PBXProject "sarthak_project" */;
			compatibilityVersion = "Xcode 14.0";
			developmentRegion = en;
			hasScannedForEncodings = 0;
			knownRegions = (
				en,
				Base,
			);
			mainGroup = F388B92129AFC7B5002554E9;
			productRefGroup = F388B92B29AFC7B5002554E9 /* Products */;
			projectDirPath = "";
			projectRoot = "";
			targets = (
				F388B92929AFC7B5002554E9 /* sarthak_project */,
			);
		};
/* End PBXProject section */

/* Begin PBXResourcesBuildPhase section */
		F388B92829AFC7B5002554E9 /* Resources */ = {
			isa = PBXResourcesBuildPhase;
			buildActionMask = 2147483647;
			files = (
				F388B93A29AFC7B6002554E9 /* LaunchScreen.storyboard in Resources */,
				F388B93729AFC7B6002554E9 /* Assets.xcassets in Resources */,
				F388B93529AFC7B5002554E9 /* Main.storyboard in Resources */,
			);
			runOnlyForDeploymentPostprocessing = 0;
		};
/* End PBXResourcesBuildPhase section */

/* Begin PBXSourcesBuildPhase section */
		F388B92629AFC7B5002554E9 /* Sources */ = {
			isa = PBXSourcesBuildPhase;
			buildActionMask = 2147483647;
			files = (
				F388B93229AFC7B5002554E9 /* MainViewController.swift in Sources */,
				F30C488329B335C500062B78 /* Game.swift in Sources */,
				F304B1D729BF54F700451248 /* firstfightstartViewController.swift in Sources */,
				F388B92E29AFC7B5002554E9 /* AppDelegate.swift in Sources */,
				F3DDA8E729D591B200EB063F /* MatchViewController.swift in Sources */,
				F30C489229B3BBFC00062B78 /* characterChooseViewController.swift in Sources */,
				F388B93029AFC7B5002554E9 /* SceneDelegate.swift in Sources */,
				F30C488E29B34ACB00062B78 /* DialogueViewController.swift in Sources */,
				F392B7C429E0902C008B7172 /* controls.swift in Sources */,
				F30C489029B3594D00062B78 /* dialogues.swift in Sources */,
				F30C488829B336C500062B78 /* characters.swift in Sources */,
			);
			runOnlyForDeploymentPostprocessing = 0;
		};
/* End PBXSourcesBuildPhase section */

/* Begin PBXVariantGroup section */
		F388B93329AFC7B5002554E9 /* Main.storyboard */ = {
			isa = PBXVariantGroup;
			children = (
				F388B93429AFC7B5002554E9 /* Base */,
			);
			name = Main.storyboard;
			sourceTree = "<group>";
		};
		F388B93829AFC7B6002554E9 /* LaunchScreen.storyboard */ = {
			isa = PBXVariantGroup;
			children = (
				F388B93929AFC7B6002554E9 /* Base */,
			);
			name = LaunchScreen.storyboard;
			sourceTree = "<group>";
		};
/* End PBXVariantGroup section */

/* Begin XCBuildConfiguration section */
		F388B93C29AFC7B6002554E9 /* Debug */ = {
			isa = XCBuildConfiguration;
			buildSettings = {
				ALWAYS_SEARCH_USER_PATHS = NO;
				CLANG_ANALYZER_NONNULL = YES;
				CLANG_ANALYZER_NUMBER_OBJECT_CONVERSION = YES_AGGRESSIVE;
				CLANG_CXX_LANGUAGE_STANDARD = "gnu++20";
				CLANG_ENABLE_MODULES = YES;
				CLANG_ENABLE_OBJC_ARC = YES;
				CLANG_ENABLE_OBJC_WEAK = YES;
				CLANG_WARN_BLOCK_CAPTURE_AUTORELEASING = YES;
				CLANG_WARN_BOOL_CONVERSION = YES;
				CLANG_WARN_COMMA = YES;
				CLANG_WARN_CONSTANT_CONVERSION = YES;
				CLANG_WARN_DEPRECATED_OBJC_IMPLEMENTATIONS = YES;
				CLANG_WARN_DIRECT_OBJC_ISA_USAGE = YES_ERROR;
				CLANG_WARN_DOCUMENTATION_COMMENTS = YES;
				CLANG_WARN_EMPTY_BODY = YES;
				CLANG_WARN_ENUM_CONVERSION = YES;
				CLANG_WARN_INFINITE_RECURSION = YES;
				CLANG_WARN_INT_CONVERSION = YES;
				CLANG_WARN_NON_LITERAL_NULL_CONVERSION = YES;
				CLANG_WARN_OBJC_IMPLICIT_RETAIN_SELF = YES;
				CLANG_WARN_OBJC_LITERAL_CONVERSION = YES;
				CLANG_WARN_OBJC_ROOT_CLASS = YES_ERROR;
				CLANG_WARN_QUOTED_INCLUDE_IN_FRAMEWORK_HEADER = YES;
				CLANG_WARN_RANGE_LOOP_ANALYSIS = YES;
				CLANG_WARN_STRICT_PROTOTYPES = YES;
				CLANG_WARN_SUSPICIOUS_MOVE = YES;
				CLANG_WARN_UNGUARDED_AVAILABILITY = YES_AGGRESSIVE;
				CLANG_WARN_UNREACHABLE_CODE = YES;
				CLANG_WARN__DUPLICATE_METHOD_MATCH = YES;
				COPY_PHASE_STRIP = NO;
				DEBUG_INFORMATION_FORMAT = dwarf;
				ENABLE_STRICT_OBJC_MSGSEND = YES;
				ENABLE_TESTABILITY = YES;
				GCC_C_LANGUAGE_STANDARD = gnu11;
				GCC_DYNAMIC_NO_PIC = NO;
				GCC_NO_COMMON_BLOCKS = YES;
				GCC_OPTIMIZATION_LEVEL = 0;
				GCC_PREPROCESSOR_DEFINITIONS = (
					"DEBUG=1",
					"$(inherited)",
				);
				GCC_WARN_64_TO_32_BIT_CONVERSION = YES;
				GCC_WARN_ABOUT_RETURN_TYPE = YES_ERROR;
				GCC_WARN_UNDECLARED_SELECTOR = YES;
				GCC_WARN_UNINITIALIZED_AUTOS = YES_AGGRESSIVE;
				GCC_WARN_UNUSED_FUNCTION = YES;
				GCC_WARN_UNUSED_VARIABLE = YES;
				IPHONEOS_DEPLOYMENT_TARGET = 16.1;
				MTL_ENABLE_DEBUG_INFO = INCLUDE_SOURCE;
				MTL_FAST_MATH = YES;
				ONLY_ACTIVE_ARCH = YES;
				SDKROOT = iphoneos;
				SWIFT_ACTIVE_COMPILATION_CONDITIONS = DEBUG;
				SWIFT_OPTIMIZATION_LEVEL = "-Onone";
			};
			name = Debug;
		};
		F388B93D29AFC7B6002554E9 /* Release */ = {
			isa = XCBuildConfiguration;
			buildSettings = {
				ALWAYS_SEARCH_USER_PATHS = NO;
				CLANG_ANALYZER_NONNULL = YES;
				CLANG_ANALYZER_NUMBER_OBJECT_CONVERSION = YES_AGGRESSIVE;
				CLANG_CXX_LANGUAGE_STANDARD = "gnu++20";
				CLANG_ENABLE_MODULES = YES;
				CLANG_ENABLE_OBJC_ARC = YES;
				CLANG_ENABLE_OBJC_WEAK = YES;
				CLANG_WARN_BLOCK_CAPTURE_AUTORELEASING = YES;
				CLANG_WARN_BOOL_CONVERSION = YES;
				CLANG_WARN_COMMA = YES;
				CLANG_WARN_CONSTANT_CONVERSION = YES;
				CLANG_WARN_DEPRECATED_OBJC_IMPLEMENTATIONS = YES;
				CLANG_WARN_DIRECT_OBJC_ISA_USAGE = YES_ERROR;
				CLANG_WARN_DOCUMENTATION_COMMENTS = YES;
				CLANG_WARN_EMPTY_BODY = YES;
				CLANG_WARN_ENUM_CONVERSION = YES;
				CLANG_WARN_INFINITE_RECURSION = YES;
				CLANG_WARN_INT_CONVERSION = YES;
				CLANG_WARN_NON_LITERAL_NULL_CONVERSION = YES;
				CLANG_WARN_OBJC_IMPLICIT_RETAIN_SELF = YES;
				CLANG_WARN_OBJC_LITERAL_CONVERSION = YES;
				CLANG_WARN_OBJC_ROOT_CLASS = YES_ERROR;
				CLANG_WARN_QUOTED_INCLUDE_IN_FRAMEWORK_HEADER = YES;
				CLANG_WARN_RANGE_LOOP_ANALYSIS = YES;
				CLANG_WARN_STRICT_PROTOTYPES = YES;
				CLANG_WARN_SUSPICIOUS_MOVE = YES;
				CLANG_WARN_UNGUARDED_AVAILABILITY = YES_AGGRESSIVE;
				CLANG_WARN_UNREACHABLE_CODE = YES;
				CLANG_WARN__DUPLICATE_METHOD_MATCH = YES;
				COPY_PHASE_STRIP = NO;
				DEBUG_INFORMATION_FORMAT = "dwarf-with-dsym";
				ENABLE_NS_ASSERTIONS = NO;
				ENABLE_STRICT_OBJC_MSGSEND = YES;
				GCC_C_LANGUAGE_STANDARD = gnu11;
				GCC_NO_COMMON_BLOCKS = YES;
				GCC_WARN_64_TO_32_BIT_CONVERSION = YES;
				GCC_WARN_ABOUT_RETURN_TYPE = YES_ERROR;
				GCC_WARN_UNDECLARED_SELECTOR = YES;
				GCC_WARN_UNINITIALIZED_AUTOS = YES_AGGRESSIVE;
				GCC_WARN_UNUSED_FUNCTION = YES;
				GCC_WARN_UNUSED_VARIABLE = YES;
				IPHONEOS_DEPLOYMENT_TARGET = 16.1;
				MTL_ENABLE_DEBUG_INFO = NO;
				MTL_FAST_MATH = YES;
				SDKROOT = iphoneos;
				SWIFT_COMPILATION_MODE = wholemodule;
				SWIFT_OPTIMIZATION_LEVEL = "-O";
				VALIDATE_PRODUCT = YES;
			};
			name = Release;
		};
		F388B93F29AFC7B6002554E9 /* Debug */ = {
			isa = XCBuildConfiguration;
			buildSettings = {
				ASSETCATALOG_COMPILER_APPICON_NAME = AppIcon;
				ASSETCATALOG_COMPILER_GLOBAL_ACCENT_COLOR_NAME = AccentColor;
				CODE_SIGN_STYLE = Automatic;
				CURRENT_PROJECT_VERSION = 1;
				DEVELOPMENT_TEAM = L2U28CT7K4;
				GENERATE_INFOPLIST_FILE = YES;
				INFOPLIST_FILE = sarthak_project/Info.plist;
				INFOPLIST_KEY_UIApplicationSupportsIndirectInputEvents = YES;
				INFOPLIST_KEY_UILaunchStoryboardName = LaunchScreen;
				INFOPLIST_KEY_UIMainStoryboardFile = Main;
				INFOPLIST_KEY_UISupportedInterfaceOrientations = UIInterfaceOrientationPortrait;
				LD_RUNPATH_SEARCH_PATHS = (
					"$(inherited)",
					"@executable_path/Frameworks",
				);
				MARKETING_VERSION = 1.0;
				PRODUCT_BUNDLE_IDENTIFIER = "com.sarthak.sarthak-project";
				PRODUCT_NAME = "$(TARGET_NAME)";
				SWIFT_EMIT_LOC_STRINGS = YES;
				SWIFT_VERSION = 5.0;
				TARGETED_DEVICE_FAMILY = "1,2";
			};
			name = Debug;
		};
		F388B94029AFC7B6002554E9 /* Release */ = {
			isa = XCBuildConfiguration;
			buildSettings = {
				ASSETCATALOG_COMPILER_APPICON_NAME = AppIcon;
				ASSETCATALOG_COMPILER_GLOBAL_ACCENT_COLOR_NAME = AccentColor;
				CODE_SIGN_STYLE = Automatic;
				CURRENT_PROJECT_VERSION = 1;
				DEVELOPMENT_TEAM = L2U28CT7K4;
				GENERATE_INFOPLIST_FILE = YES;
				INFOPLIST_FILE = sarthak_project/Info.plist;
				INFOPLIST_KEY_UIApplicationSupportsIndirectInputEvents = YES;
				INFOPLIST_KEY_UILaunchStoryboardName = LaunchScreen;
				INFOPLIST_KEY_UIMainStoryboardFile = Main;
				INFOPLIST_KEY_UISupportedInterfaceOrientations = UIInterfaceOrientationPortrait;
				LD_RUNPATH_SEARCH_PATHS = (
					"$(inherited)",
					"@executable_path/Frameworks",
				);
				MARKETING_VERSION = 1.0;
				PRODUCT_BUNDLE_IDENTIFIER = "com.sarthak.sarthak-project";
				PRODUCT_NAME = "$(TARGET_NAME)";
				SWIFT_EMIT_LOC_STRINGS = YES;
				SWIFT_VERSION = 5.0;
				TARGETED_DEVICE_FAMILY = "1,2";
			};
			name = Release;
		};
/* End XCBuildConfiguration section */

/* Begin XCConfigurationList section */
		F388B92529AFC7B5002554E9 /* Build configuration list for PBXProject "sarthak_project" */ = {
			isa = XCConfigurationList;
			buildConfigurations = (
				F388B93C29AFC7B6002554E9 /* Debug */,
				F388B93D29AFC7B6002554E9 /* Release */,
			);
			defaultConfigurationIsVisible = 0;
			defaultConfigurationName = Release;
		};
		F388B93E29AFC7B6002554E9 /* Build configuration list for PBXNativeTarget "sarthak_project" */ = {
			isa = XCConfigurationList;
			buildConfigurations = (
				F388B93F29AFC7B6002554E9 /* Debug */,
				F388B94029AFC7B6002554E9 /* Release */,
			);
			defaultConfigurationIsVisible = 0;
			defaultConfigurationName = Release;
		};
/* End XCConfigurationList section */
	};
	rootObject = F388B92229AFC7B5002554E9 /* Project object */;
}
